
Microsoft Visual Studio Solution File, Format Version 12.00
# Visual Studio Version 17
VisualStudioVersion = 17.9.34728.123
MinimumVisualStudioVersion = 10.0.40219.1
Project("{FAE04EC0-301F-11D3-BF4B-00C04F79EFBC}") = "Student Database", "Student Database\Student Database.csproj", "{637338AA-9EFF-4D76-8FAE-065D9BD50BEE}"
EndProject
Global
	GlobalSection(SolutionConfigurationPlatforms) = preSolution
		Debug|Any CPU = Debug|Any CPU
		Release|Any CPU = Release|Any CPU
	EndGlobalSection
	GlobalSection(ProjectConfigurationPlatforms) = postSolution
		{637338AA-9EFF-4D76-8FAE-065D9BD50BEE}.Debug|Any CPU.ActiveCfg = Debug|Any CPU
		{637338AA-9EFF-4D76-8FAE-065D9BD50BEE}.Debug|Any CPU.Build.0 = Debug|Any CPU
		{637338AA-9EFF-4D76-8FAE-065D9BD50BEE}.Release|Any CPU.ActiveCfg = Release|Any CPU
		{637338AA-9EFF-4D76-8FAE-065D9BD50BEE}.Release|Any CPU.Build.0 = Release|Any CPU
	EndGlobalSection
	GlobalSection(SolutionProperties) = preSolution
		HideSolutionNode = FALSE
	EndGlobalSection
	GlobalSection(ExtensibilityGlobals) = postSolution
		SolutionGuid = {7A51B008-9391-4ED1-AE7C-0203B495BA9E}
	EndGlobalSection
EndGlobal
